<?xml version="1.0" encoding="utf-8"?>
<Project ToolsVersion="4.0" xmlns="http://schemas.microsoft.com/developer/msbuild/2003">
  <ItemGroup>
    <Filter Include="source">
      <UniqueIdentifier>{4FC737F1-C7A5-4376-A066-2A32D752A2FF}</UniqueIdentifier>
      <Extensions>cpp;c;cxx;def;odl;idl;hpj;bat;asm;asmx</Extensions>
    </Filter>
  </ItemGroup>
  <ItemGroup>
    <ClCompile Include="..\..\src\bin\tolua.c">
      <Filter>source</Filter>
    </ClCompile>
    <ClCompile Include="..\..\src\lib\tolua_event.c">
      <Filter>source</Filter>
    </ClCompile>
    <ClCompile Include="..\..\src\lib\tolua_is.c">
      <Filter>source</Filter>
    </ClCompile>
    <ClCompile Include="..\..\src\lib\tolua_map.c">
      <Filter>source</Filter>
    </ClCompile>
    <ClCompile Include="..\..\src\lib\tolua_push.c">
      <Filter>source</Filter>
    </ClCompile>
    <ClCompile Include="..\..\src\lib\tolua_to.c">
      <Filter>source</Filter>
    </ClCompile>
    <ClCompile Include="..\..\src\bin\toluabind.c">
      <Filter>source</Filter>
    </ClCompile>
  </ItemGroup>
  <ItemGroup>
    <ClInclude Include="..\..\src\lib\tolua_event.h">
      <Filter>source</Filter>
    </ClInclude>
  </ItemGroup>
  <ItemGroup>
    <None Include="..\..\src\bin\lua\all.lua">
      <Filter>source</Filter>
    </None>
    <None Include="..\..\src\bin\lua\array.lua">
      <Filter>source</Filter>
    </None>
    <None Include="..\..\src\bin\lua\basic.lua">
      <Filter>source</Filter>
    </None>
    <None Include="..\..\src\bin\lua\class.lua">
      <Filter>source</Filter>
    </None>
    <None Include="..\..\src\bin\lua\clean.lua">
      <Filter>source</Filter>
    </None>
    <None Include="..\..\src\bin\lua\code.lua">
      <Filter>source</Filter>
    </None>
    <None Include="..\..\src\bin\lua\compat.lua">
      <Filter>source</Filter>
    </None>
    <None Include="..\..\src\bin\lua\compat-5.1.lua">
      <Filter>source</Filter>
    </None>
    <None Include="..\..\src\bin\lua\container.lua">
      <Filter>source</Filter>
    </None>
    <None Include="..\..\src\bin\lua\custom.lua">
      <Filter>source</Filter>
    </None>
    <None Include="..\..\src\bin\lua\declaration.lua">
      <Filter>source</Filter>
    </None>
    <None Include="..\..\src\bin\lua\define.lua">
      <Filter>source</Filter>
    </None>
    <None Include="..\..\src\bin\lua\doit.lua">
      <Filter>source</Filter>
    </None>
    <None Include="..\..\src\bin\lua\enumerate.lua">
      <Filter>source</Filter>
    </None>
    <None Include="..\..\src\bin\lua\feature.lua">
      <Filter>source</Filter>
    </None>
    <None Include="..\..\src\bin\lua\function.lua">
      <Filter>source</Filter>
    </None>
    <None Include="..\..\src\bin\lua\module.lua">
      <Filter>source</Filter>
    </None>
    <None Include="..\..\src\bin\lua\namespace.lua">
      <Filter>source</Filter>
    </None>
    <None Include="..\..\src\bin\lua\operator.lua">
      <Filter>source</Filter>
    </None>
    <None Include="..\..\src\bin\lua\package.lua">
      <Filter>source</Filter>
    </None>
    <None Include="..\..\src\bin\lua\template_class.lua">
      <Filter>source</Filter>
    </None>
    <None Include="..\..\src\bin\lua\typedef.lua">
      <Filter>source</Filter>
    </None>
    <None Include="..\..\src\bin\lua\variable.lua">
      <Filter>source</Filter>
    </None>
    <None Include="..\..\src\bin\lua\verbatim.lua">
      <Filter>source</Filter>
    </None>
  </ItemGroup>
</Project>